// !$*UTF8*$!
{
	archiveVersion = 1;
	classes = {
	};
	objectVersion = 55;
	objects = {

/* Begin PBXBuildFile section */
		D0298DFF287FEFE90003A4BE /* SearchViewController.swift in Sources */ = {isa = PBXBuildFile; fileRef = D0298DFE287FEFE90003A4BE /* SearchViewController.swift */; };
		D0955EDA287D8C400083AFC2 /* EmotionType.swift in Sources */ = {isa = PBXBuildFile; fileRef = D0955ED9287D8C400083AFC2 /* EmotionType.swift */; };
		D0AC1EA5287D213400B289EB /* SegmentedViewController.swift in Sources */ = {isa = PBXBuildFile; fileRef = D0AC1EA4287D213400B289EB /* SegmentedViewController.swift */; };
		D0B0AD4A287BA41300492918 /* AppDelegate.swift in Sources */ = {isa = PBXBuildFile; fileRef = D0B0AD49287BA41300492918 /* AppDelegate.swift */; };
		D0B0AD4C287BA41300492918 /* SceneDelegate.swift in Sources */ = {isa = PBXBuildFile; fileRef = D0B0AD4B287BA41300492918 /* SceneDelegate.swift */; };
		D0B0AD4E287BA41300492918 /* EmotionDiaryViewController.swift in Sources */ = {isa = PBXBuildFile; fileRef = D0B0AD4D287BA41300492918 /* EmotionDiaryViewController.swift */; };
		D0B0AD51287BA41300492918 /* Main.storyboard in Resources */ = {isa = PBXBuildFile; fileRef = D0B0AD4F287BA41300492918 /* Main.storyboard */; };
		D0B0AD53287BA41400492918 /* Assets.xcassets in Resources */ = {isa = PBXBuildFile; fileRef = D0B0AD52287BA41400492918 /* Assets.xcassets */; };
		D0B31FBE287FAEDA00570C5D /* SideMenu in Frameworks */ = {isa = PBXBuildFile; productRef = D0B31FBD287FAEDA00570C5D /* SideMenu */; };
		D0B31FC1287FAFB900570C5D /* FSCalendar in Frameworks */ = {isa = PBXBuildFile; productRef = D0B31FC0287FAFB900570C5D /* FSCalendar */; };
		D0B31FC4287FAFD600570C5D /* TextFieldEffects in Frameworks */ = {isa = PBXBuildFile; productRef = D0B31FC3287FAFD600570C5D /* TextFieldEffects */; };
		D0B31FC6287FB21300570C5D /* Search.storyboard in Resources */ = {isa = PBXBuildFile; fileRef = D0B31FC5287FB21300570C5D /* Search.storyboard */; };
		D0B31FC9287FB26000570C5D /* Setting.storyboard in Resources */ = {isa = PBXBuildFile; fileRef = D0B31FC8287FB26000570C5D /* Setting.storyboard */; };
		D0B31FCC287FBE4300570C5D /* IQKeyboardManagerSwift in Frameworks */ = {isa = PBXBuildFile; productRef = D0B31FCB287FBE4300570C5D /* IQKeyboardManagerSwift */; };
		D0B3A703287E981F0051BB8E /* AnniversaryCalculatorViewController.swift in Sources */ = {isa = PBXBuildFile; fileRef = D0B3A702287E981F0051BB8E /* AnniversaryCalculatorViewController.swift */; };
		D0C6CF872880E812000266F9 /* LaunchScreen.storyboard in Resources */ = {isa = PBXBuildFile; fileRef = D0C6CF862880E812000266F9 /* LaunchScreen.storyboard */; };
		D0C6CF8A2880E83D000266F9 /* Transition.storyboard in Resources */ = {isa = PBXBuildFile; fileRef = D0C6CF892880E83D000266F9 /* Transition.storyboard */; };
		D0C6CF8C2880EFBC000266F9 /* TransitionFirstViewController.swift in Sources */ = {isa = PBXBuildFile; fileRef = D0C6CF8B2880EFBC000266F9 /* TransitionFirstViewController.swift */; };
		D0C6CF8E2880FDFA000266F9 /* TransitionSecondViewController.swift in Sources */ = {isa = PBXBuildFile; fileRef = D0C6CF8D2880FDFA000266F9 /* TransitionSecondViewController.swift */; };
/* End PBXBuildFile section */

/* Begin PBXFileReference section */
		D0298DFE287FEFE90003A4BE /* SearchViewController.swift */ = {isa = PBXFileReference; lastKnownFileType = sourcecode.swift; path = SearchViewController.swift; sourceTree = "<group>"; };
		D0955ED9287D8C400083AFC2 /* EmotionType.swift */ = {isa = PBXFileReference; lastKnownFileType = sourcecode.swift; path = EmotionType.swift; sourceTree = "<group>"; };
		D0AC1EA4287D213400B289EB /* SegmentedViewController.swift */ = {isa = PBXFileReference; lastKnownFileType = sourcecode.swift; path = SegmentedViewController.swift; sourceTree = "<group>"; };
		D0B0AD46287BA41300492918 /* SeSacWeek2.app */ = {isa = PBXFileReference; explicitFileType = wrapper.application; includeInIndex = 0; path = SeSacWeek2.app; sourceTree = BUILT_PRODUCTS_DIR; };
		D0B0AD49287BA41300492918 /* AppDelegate.swift */ = {isa = PBXFileReference; lastKnownFileType = sourcecode.swift; path = AppDelegate.swift; sourceTree = "<group>"; };
		D0B0AD4B287BA41300492918 /* SceneDelegate.swift */ = {isa = PBXFileReference; lastKnownFileType = sourcecode.swift; path = SceneDelegate.swift; sourceTree = "<group>"; };
		D0B0AD4D287BA41300492918 /* EmotionDiaryViewController.swift */ = {isa = PBXFileReference; lastKnownFileType = sourcecode.swift; path = EmotionDiaryViewController.swift; sourceTree = "<group>"; };
		D0B0AD50287BA41300492918 /* Base */ = {isa = PBXFileReference; lastKnownFileType = file.storyboard; name = Base; path = Base.lproj/Main.storyboard; sourceTree = "<group>"; };
		D0B0AD52287BA41400492918 /* Assets.xcassets */ = {isa = PBXFileReference; lastKnownFileType = folder.assetcatalog; path = Assets.xcassets; sourceTree = "<group>"; };
		D0B0AD57287BA41400492918 /* Info.plist */ = {isa = PBXFileReference; lastKnownFileType = text.plist.xml; path = Info.plist; sourceTree = "<group>"; };
		D0B31FC5287FB21300570C5D /* Search.storyboard */ = {isa = PBXFileReference; lastKnownFileType = file.storyboard; path = Search.storyboard; sourceTree = "<group>"; };
		D0B31FC8287FB26000570C5D /* Setting.storyboard */ = {isa = PBXFileReference; lastKnownFileType = file.storyboard; path = Setting.storyboard; sourceTree = "<group>"; };
		D0B3A702287E981F0051BB8E /* AnniversaryCalculatorViewController.swift */ = {isa = PBXFileReference; lastKnownFileType = sourcecode.swift; path = AnniversaryCalculatorViewController.swift; sourceTree = "<group>"; };
		D0C6CF862880E812000266F9 /* LaunchScreen.storyboard */ = {isa = PBXFileReference; lastKnownFileType = file.storyboard; path = LaunchScreen.storyboard; sourceTree = "<group>"; };
		D0C6CF892880E83D000266F9 /* Transition.storyboard */ = {isa = PBXFileReference; lastKnownFileType = file.storyboard; path = Transition.storyboard; sourceTree = "<group>"; };
		D0C6CF8B2880EFBC000266F9 /* TransitionFirstViewController.swift */ = {isa = PBXFileReference; lastKnownFileType = sourcecode.swift; path = TransitionFirstViewController.swift; sourceTree = "<group>"; };
		D0C6CF8D2880FDFA000266F9 /* TransitionSecondViewController.swift */ = {isa = PBXFileReference; lastKnownFileType = sourcecode.swift; path = TransitionSecondViewController.swift; sourceTree = "<group>"; };
/* End PBXFileReference section */

/* Begin PBXFrameworksBuildPhase section */
		D0B0AD43287BA41300492918 /* Frameworks */ = {
			isa = PBXFrameworksBuildPhase;
			buildActionMask = 2147483647;
			files = (
				D0B31FC4287FAFD600570C5D /* TextFieldEffects in Frameworks */,
				D0B31FCC287FBE4300570C5D /* IQKeyboardManagerSwift in Frameworks */,
				D0B31FBE287FAEDA00570C5D /* SideMenu in Frameworks */,
				D0B31FC1287FAFB900570C5D /* FSCalendar in Frameworks */,
			);
			runOnlyForDeploymentPostprocessing = 0;
		};
/* End PBXFrameworksBuildPhase section */

/* Begin PBXGroup section */
		D0B0AD3D287BA41300492918 = {
			isa = PBXGroup;
			children = (
				D0B0AD48287BA41300492918 /* SeSacWeek2 */,
				D0B0AD47287BA41300492918 /* Products */,
			);
			sourceTree = "<group>";
		};
		D0B0AD47287BA41300492918 /* Products */ = {
			isa = PBXGroup;
			children = (
				D0B0AD46287BA41300492918 /* SeSacWeek2.app */,
			);
			name = Products;
			sourceTree = "<group>";
		};
		D0B0AD48287BA41300492918 /* SeSacWeek2 */ = {
			isa = PBXGroup;
			children = (
				D0C6CF882880E820000266F9 /* Transition */,
				D0B3A701287E931D0051BB8E /* AppLifeCycle */,
				D0B0AD4D287BA41300492918 /* EmotionDiaryViewController.swift */,
				D0955ED9287D8C400083AFC2 /* EmotionType.swift */,
				D0AC1EA4287D213400B289EB /* SegmentedViewController.swift */,
				D0B3A702287E981F0051BB8E /* AnniversaryCalculatorViewController.swift */,
				D0C6CF862880E812000266F9 /* LaunchScreen.storyboard */,
				D0B0AD4F287BA41300492918 /* Main.storyboard */,
				D0B31FC7287FB25800570C5D /* storyboard reference */,
				D0B0AD52287BA41400492918 /* Assets.xcassets */,
				D0B0AD57287BA41400492918 /* Info.plist */,
			);
			path = SeSacWeek2;
			sourceTree = "<group>";
		};
		D0B31FC7287FB25800570C5D /* storyboard reference */ = {
			isa = PBXGroup;
			children = (
				D0B31FC5287FB21300570C5D /* Search.storyboard */,
				D0B31FC8287FB26000570C5D /* Setting.storyboard */,
				D0298DFE287FEFE90003A4BE /* SearchViewController.swift */,
			);
			path = "storyboard reference";
			sourceTree = "<group>";
		};
		D0B3A701287E931D0051BB8E /* AppLifeCycle */ = {
			isa = PBXGroup;
			children = (
				D0B0AD49287BA41300492918 /* AppDelegate.swift */,
				D0B0AD4B287BA41300492918 /* SceneDelegate.swift */,
			);
			path = AppLifeCycle;
			sourceTree = "<group>";
		};
		D0C6CF882880E820000266F9 /* Transition */ = {
			isa = PBXGroup;
			children = (
				D0C6CF892880E83D000266F9 /* Transition.storyboard */,
				D0C6CF8B2880EFBC000266F9 /* TransitionFirstViewController.swift */,
				D0C6CF8D2880FDFA000266F9 /* TransitionSecondViewController.swift */,
			);
			path = Transition;
			sourceTree = "<group>";
		};
/* End PBXGroup section */

/* Begin PBXNativeTarget section */
		D0B0AD45287BA41300492918 /* SeSacWeek2 */ = {
			isa = PBXNativeTarget;
			buildConfigurationList = D0B0AD5A287BA41400492918 /* Build configuration list for PBXNativeTarget "SeSacWeek2" */;
			buildPhases = (
				D0B0AD42287BA41300492918 /* Sources */,
				D0B0AD43287BA41300492918 /* Frameworks */,
				D0B0AD44287BA41300492918 /* Resources */,
			);
			buildRules = (
			);
			dependencies = (
			);
			name = SeSacWeek2;
			packageProductDependencies = (
				D0B31FBD287FAEDA00570C5D /* SideMenu */,
				D0B31FC0287FAFB900570C5D /* FSCalendar */,
				D0B31FC3287FAFD600570C5D /* TextFieldEffects */,
				D0B31FCB287FBE4300570C5D /* IQKeyboardManagerSwift */,
			);
			productName = SeSacWeek2;
			productReference = D0B0AD46287BA41300492918 /* SeSacWeek2.app */;
			productType = "com.apple.product-type.application";
		};
/* End PBXNativeTarget section */

/* Begin PBXProject section */
		D0B0AD3E287BA41300492918 /* Project object */ = {
			isa = PBXProject;
			attributes = {
				BuildIndependentTargetsInParallel = 1;
				LastSwiftUpdateCheck = 1340;
				LastUpgradeCheck = 1340;
				TargetAttributes = {
					D0B0AD45287BA41300492918 = {
						CreatedOnToolsVersion = 13.4.1;
					};
				};
			};
			buildConfigurationList = D0B0AD41287BA41300492918 /* Build configuration list for PBXProject "SeSacWeek2" */;
			compatibilityVersion = "Xcode 13.0";
			developmentRegion = en;
			hasScannedForEncodings = 0;
			knownRegions = (
				en,
				Base,
			);
			mainGroup = D0B0AD3D287BA41300492918;
			packageReferences = (
				D0B31FBC287FAEDA00570C5D /* XCRemoteSwiftPackageReference "SideMenu" */,
				D0B31FBF287FAFB900570C5D /* XCRemoteSwiftPackageReference "FSCalendar" */,
				D0B31FC2287FAFD600570C5D /* XCRemoteSwiftPackageReference "TextFieldEffects" */,
				D0B31FCA287FBE4300570C5D /* XCRemoteSwiftPackageReference "IQKeyboardManager" */,
			);
			productRefGroup = D0B0AD47287BA41300492918 /* Products */;
			projectDirPath = "";
			projectRoot = "";
			targets = (
				D0B0AD45287BA41300492918 /* SeSacWeek2 */,
			);
		};
/* End PBXProject section */

/* Begin PBXResourcesBuildPhase section */
		D0B0AD44287BA41300492918 /* Resources */ = {
			isa = PBXResourcesBuildPhase;
			buildActionMask = 2147483647;
			files = (
				D0B0AD53287BA41400492918 /* Assets.xcassets in Resources */,
				D0C6CF8A2880E83D000266F9 /* Transition.storyboard in Resources */,
				D0B31FC6287FB21300570C5D /* Search.storyboard in Resources */,
				D0B0AD51287BA41300492918 /* Main.storyboard in Resources */,
				D0C6CF872880E812000266F9 /* LaunchScreen.storyboard in Resources */,
				D0B31FC9287FB26000570C5D /* Setting.storyboard in Resources */,
			);
			runOnlyForDeploymentPostprocessing = 0;
		};
/* End PBXResourcesBuildPhase section */

/* Begin PBXSourcesBuildPhase section */
		D0B0AD42287BA41300492918 /* Sources */ = {
			isa = PBXSourcesBuildPhase;
			buildActionMask = 2147483647;
			files = (
				D0C6CF8C2880EFBC000266F9 /* TransitionFirstViewController.swift in Sources */,
				D0955EDA287D8C400083AFC2 /* EmotionType.swift in Sources */,
				D0298DFF287FEFE90003A4BE /* SearchViewController.swift in Sources */,
				D0B3A703287E981F0051BB8E /* AnniversaryCalculatorViewController.swift in Sources */,
				D0B0AD4E287BA41300492918 /* EmotionDiaryViewController.swift in Sources */,
				D0B0AD4A287BA41300492918 /* AppDelegate.swift in Sources */,
				D0C6CF8E2880FDFA000266F9 /* TransitionSecondViewController.swift in Sources */,
				D0B0AD4C287BA41300492918 /* SceneDelegate.swift in Sources */,
				D0AC1EA5287D213400B289EB /* SegmentedViewController.swift in Sources */,
			);
			runOnlyForDeploymentPostprocessing = 0;
		};
/* End PBXSourcesBuildPhase section */

/* Begin PBXVariantGroup section */
		D0B0AD4F287BA41300492918 /* Main.storyboard */ = {
			isa = PBXVariantGroup;
			children = (
				D0B0AD50287BA41300492918 /* Base */,
			);
			name = Main.storyboard;
			sourceTree = "<group>";
		};
/* End PBXVariantGroup section */

/* Begin XCBuildConfiguration section */
		D0B0AD58287BA41400492918 /* Debug */ = {
			isa = XCBuildConfiguration;
			buildSettings = {
				ALWAYS_SEARCH_USER_PATHS = NO;
				CLANG_ANALYZER_NONNULL = YES;
				CLANG_ANALYZER_NUMBER_OBJECT_CONVERSION = YES_AGGRESSIVE;
				CLANG_CXX_LANGUAGE_STANDARD = "gnu++17";
				CLANG_ENABLE_MODULES = YES;
				CLANG_ENABLE_OBJC_ARC = YES;
				CLANG_ENABLE_OBJC_WEAK = YES;
				CLANG_WARN_BLOCK_CAPTURE_AUTORELEASING = YES;
				CLANG_WARN_BOOL_CONVERSION = YES;
				CLANG_WARN_COMMA = YES;
				CLANG_WARN_CONSTANT_CONVERSION = YES;
				CLANG_WARN_DEPRECATED_OBJC_IMPLEMENTATIONS = YES;
				CLANG_WARN_DIRECT_OBJC_ISA_USAGE = YES_ERROR;
				CLANG_WARN_DOCUMENTATION_COMMENTS = YES;
				CLANG_WARN_EMPTY_BODY = YES;
				CLANG_WARN_ENUM_CONVERSION = YES;
				CLANG_WARN_INFINITE_RECURSION = YES;
				CLANG_WARN_INT_CONVERSION = YES;
				CLANG_WARN_NON_LITERAL_NULL_CONVERSION = YES;
				CLANG_WARN_OBJC_IMPLICIT_RETAIN_SELF = YES;
				CLANG_WARN_OBJC_LITERAL_CONVERSION = YES;
				CLANG_WARN_OBJC_ROOT_CLASS = YES_ERROR;
				CLANG_WARN_QUOTED_INCLUDE_IN_FRAMEWORK_HEADER = YES;
				CLANG_WARN_RANGE_LOOP_ANALYSIS = YES;
				CLANG_WARN_STRICT_PROTOTYPES = YES;
				CLANG_WARN_SUSPICIOUS_MOVE = YES;
				CLANG_WARN_UNGUARDED_AVAILABILITY = YES_AGGRESSIVE;
				CLANG_WARN_UNREACHABLE_CODE = YES;
				CLANG_WARN__DUPLICATE_METHOD_MATCH = YES;
				COPY_PHASE_STRIP = NO;
				DEBUG_INFORMATION_FORMAT = dwarf;
				ENABLE_STRICT_OBJC_MSGSEND = YES;
				ENABLE_TESTABILITY = YES;
				GCC_C_LANGUAGE_STANDARD = gnu11;
				GCC_DYNAMIC_NO_PIC = NO;
				GCC_NO_COMMON_BLOCKS = YES;
				GCC_OPTIMIZATION_LEVEL = 0;
				GCC_PREPROCESSOR_DEFINITIONS = (
					"DEBUG=1",
					"$(inherited)",
				);
				GCC_WARN_64_TO_32_BIT_CONVERSION = YES;
				GCC_WARN_ABOUT_RETURN_TYPE = YES_ERROR;
				GCC_WARN_UNDECLARED_SELECTOR = YES;
				GCC_WARN_UNINITIALIZED_AUTOS = YES_AGGRESSIVE;
				GCC_WARN_UNUSED_FUNCTION = YES;
				GCC_WARN_UNUSED_VARIABLE = YES;
				IPHONEOS_DEPLOYMENT_TARGET = 15.5;
				MTL_ENABLE_DEBUG_INFO = INCLUDE_SOURCE;
				MTL_FAST_MATH = YES;
				ONLY_ACTIVE_ARCH = YES;
				SDKROOT = iphoneos;
				SWIFT_ACTIVE_COMPILATION_CONDITIONS = DEBUG;
				SWIFT_OPTIMIZATION_LEVEL = "-Onone";
			};
			name = Debug;
		};
		D0B0AD59287BA41400492918 /* Release */ = {
			isa = XCBuildConfiguration;
			buildSettings = {
				ALWAYS_SEARCH_USER_PATHS = NO;
				CLANG_ANALYZER_NONNULL = YES;
				CLANG_ANALYZER_NUMBER_OBJECT_CONVERSION = YES_AGGRESSIVE;
				CLANG_CXX_LANGUAGE_STANDARD = "gnu++17";
				CLANG_ENABLE_MODULES = YES;
				CLANG_ENABLE_OBJC_ARC = YES;
				CLANG_ENABLE_OBJC_WEAK = YES;
				CLANG_WARN_BLOCK_CAPTURE_AUTORELEASING = YES;
				CLANG_WARN_BOOL_CONVERSION = YES;
				CLANG_WARN_COMMA = YES;
				CLANG_WARN_CONSTANT_CONVERSION = YES;
				CLANG_WARN_DEPRECATED_OBJC_IMPLEMENTATIONS = YES;
				CLANG_WARN_DIRECT_OBJC_ISA_USAGE = YES_ERROR;
				CLANG_WARN_DOCUMENTATION_COMMENTS = YES;
				CLANG_WARN_EMPTY_BODY = YES;
				CLANG_WARN_ENUM_CONVERSION = YES;
				CLANG_WARN_INFINITE_RECURSION = YES;
				CLANG_WARN_INT_CONVERSION = YES;
				CLANG_WARN_NON_LITERAL_NULL_CONVERSION = YES;
				CLANG_WARN_OBJC_IMPLICIT_RETAIN_SELF = YES;
				CLANG_WARN_OBJC_LITERAL_CONVERSION = YES;
				CLANG_WARN_OBJC_ROOT_CLASS = YES_ERROR;
				CLANG_WARN_QUOTED_INCLUDE_IN_FRAMEWORK_HEADER = YES;
				CLANG_WARN_RANGE_LOOP_ANALYSIS = YES;
				CLANG_WARN_STRICT_PROTOTYPES = YES;
				CLANG_WARN_SUSPICIOUS_MOVE = YES;
				CLANG_WARN_UNGUARDED_AVAILABILITY = YES_AGGRESSIVE;
				CLANG_WARN_UNREACHABLE_CODE = YES;
				CLANG_WARN__DUPLICATE_METHOD_MATCH = YES;
				COPY_PHASE_STRIP = NO;
				DEBUG_INFORMATION_FORMAT = "dwarf-with-dsym";
				ENABLE_NS_ASSERTIONS = NO;
				ENABLE_STRICT_OBJC_MSGSEND = YES;
				GCC_C_LANGUAGE_STANDARD = gnu11;
				GCC_NO_COMMON_BLOCKS = YES;
				GCC_WARN_64_TO_32_BIT_CONVERSION = YES;
				GCC_WARN_ABOUT_RETURN_TYPE = YES_ERROR;
				GCC_WARN_UNDECLARED_SELECTOR = YES;
				GCC_WARN_UNINITIALIZED_AUTOS = YES_AGGRESSIVE;
				GCC_WARN_UNUSED_FUNCTION = YES;
				GCC_WARN_UNUSED_VARIABLE = YES;
				IPHONEOS_DEPLOYMENT_TARGET = 15.5;
				MTL_ENABLE_DEBUG_INFO = NO;
				MTL_FAST_MATH = YES;
				SDKROOT = iphoneos;
				SWIFT_COMPILATION_MODE = wholemodule;
				SWIFT_OPTIMIZATION_LEVEL = "-O";
				VALIDATE_PRODUCT = YES;
			};
			name = Release;
		};
		D0B0AD5B287BA41400492918 /* Debug */ = {
			isa = XCBuildConfiguration;
			buildSettings = {
				ASSETCATALOG_COMPILER_APPICON_NAME = AppIcon;
				ASSETCATALOG_COMPILER_GLOBAL_ACCENT_COLOR_NAME = AccentColor;
				CODE_SIGN_STYLE = Automatic;
				CURRENT_PROJECT_VERSION = 1;
				GENERATE_INFOPLIST_FILE = YES;
				INFOPLIST_FILE = SeSacWeek2/Info.plist;
				INFOPLIST_KEY_UIApplicationSupportsIndirectInputEvents = YES;
				INFOPLIST_KEY_UILaunchStoryboardName = LaunchScreen;
				INFOPLIST_KEY_UIMainStoryboardFile = Transition;
				INFOPLIST_KEY_UISupportedInterfaceOrientations_iPad = "UIInterfaceOrientationPortrait UIInterfaceOrientationPortraitUpsideDown UIInterfaceOrientationLandscapeLeft UIInterfaceOrientationLandscapeRight";
				INFOPLIST_KEY_UISupportedInterfaceOrientations_iPhone = "UIInterfaceOrientationPortrait UIInterfaceOrientationLandscapeLeft UIInterfaceOrientationLandscapeRight";
				IPHONEOS_DEPLOYMENT_TARGET = 13.0;
				LD_RUNPATH_SEARCH_PATHS = (
					"$(inherited)",
					"@executable_path/Frameworks",
				);
				MARKETING_VERSION = 1.0;
				PRODUCT_BUNDLE_IDENTIFIER = com.DongHee.SeSacWeek2;
				PRODUCT_NAME = "$(TARGET_NAME)";
				SWIFT_EMIT_LOC_STRINGS = YES;
				SWIFT_VERSION = 5.0;
				TARGETED_DEVICE_FAMILY = 1;
			};
			name = Debug;
		};
		D0B0AD5C287BA41400492918 /* Release */ = {
			isa = XCBuildConfiguration;
			buildSettings = {
				ASSETCATALOG_COMPILER_APPICON_NAME = AppIcon;
				ASSETCATALOG_COMPILER_GLOBAL_ACCENT_COLOR_NAME = AccentColor;
				CODE_SIGN_STYLE = Automatic;
				CURRENT_PROJECT_VERSION = 1;
				GENERATE_INFOPLIST_FILE = YES;
				INFOPLIST_FILE = SeSacWeek2/Info.plist;
				INFOPLIST_KEY_UIApplicationSupportsIndirectInputEvents = YES;
				INFOPLIST_KEY_UILaunchStoryboardName = LaunchScreen;
				INFOPLIST_KEY_UIMainStoryboardFile = Transition;
				INFOPLIST_KEY_UISupportedInterfaceOrientations_iPad = "UIInterfaceOrientationPortrait UIInterfaceOrientationPortraitUpsideDown UIInterfaceOrientationLandscapeLeft UIInterfaceOrientationLandscapeRight";
				INFOPLIST_KEY_UISupportedInterfaceOrientations_iPhone = "UIInterfaceOrientationPortrait UIInterfaceOrientationLandscapeLeft UIInterfaceOrientationLandscapeRight";
				IPHONEOS_DEPLOYMENT_TARGET = 13.0;
				LD_RUNPATH_SEARCH_PATHS = (
					"$(inherited)",
					"@executable_path/Frameworks",
				);
				MARKETING_VERSION = 1.0;
				PRODUCT_BUNDLE_IDENTIFIER = com.DongHee.SeSacWeek2;
				PRODUCT_NAME = "$(TARGET_NAME)";
				SWIFT_EMIT_LOC_STRINGS = YES;
				SWIFT_VERSION = 5.0;
				TARGETED_DEVICE_FAMILY = 1;
			};
			name = Release;
		};
/* End XCBuildConfiguration section */

/* Begin XCConfigurationList section */
		D0B0AD41287BA41300492918 /* Build configuration list for PBXProject "SeSacWeek2" */ = {
			isa = XCConfigurationList;
			buildConfigurations = (
				D0B0AD58287BA41400492918 /* Debug */,
				D0B0AD59287BA41400492918 /* Release */,
			);
			defaultConfigurationIsVisible = 0;
			defaultConfigurationName = Release;
		};
		D0B0AD5A287BA41400492918 /* Build configuration list for PBXNativeTarget "SeSacWeek2" */ = {
			isa = XCConfigurationList;
			buildConfigurations = (
				D0B0AD5B287BA41400492918 /* Debug */,
				D0B0AD5C287BA41400492918 /* Release */,
			);
			defaultConfigurationIsVisible = 0;
			defaultConfigurationName = Release;
		};
/* End XCConfigurationList section */

/* Begin XCRemoteSwiftPackageReference section */
		D0B31FBC287FAEDA00570C5D /* XCRemoteSwiftPackageReference "SideMenu" */ = {
			isa = XCRemoteSwiftPackageReference;
			repositoryURL = "https://github.com/jonkykong/SideMenu.git";
			requirement = {
				kind = upToNextMajorVersion;
				minimumVersion = 6.0.0;
			};
		};
		D0B31FBF287FAFB900570C5D /* XCRemoteSwiftPackageReference "FSCalendar" */ = {
			isa = XCRemoteSwiftPackageReference;
			repositoryURL = "https://github.com/WenchaoD/FSCalendar.git";
			requirement = {
				kind = upToNextMajorVersion;
				minimumVersion = 2.0.0;
			};
		};
		D0B31FC2287FAFD600570C5D /* XCRemoteSwiftPackageReference "TextFieldEffects" */ = {
			isa = XCRemoteSwiftPackageReference;
			repositoryURL = "https://github.com/raulriera/TextFieldEffects.git";
			requirement = {
				kind = upToNextMajorVersion;
				minimumVersion = 1.0.0;
			};
		};
		D0B31FCA287FBE4300570C5D /* XCRemoteSwiftPackageReference "IQKeyboardManager" */ = {
			isa = XCRemoteSwiftPackageReference;
			repositoryURL = "https://github.com/hackiftekhar/IQKeyboardManager.git";
			requirement = {
				kind = exactVersion;
				version = 6.5.0;
			};
		};
/* End XCRemoteSwiftPackageReference section */

/* Begin XCSwiftPackageProductDependency section */
		D0B31FBD287FAEDA00570C5D /* SideMenu */ = {
			isa = XCSwiftPackageProductDependency;
			package = D0B31FBC287FAEDA00570C5D /* XCRemoteSwiftPackageReference "SideMenu" */;
			productName = SideMenu;
		};
		D0B31FC0287FAFB900570C5D /* FSCalendar */ = {
			isa = XCSwiftPackageProductDependency;
			package = D0B31FBF287FAFB900570C5D /* XCRemoteSwiftPackageReference "FSCalendar" */;
			productName = FSCalendar;
		};
		D0B31FC3287FAFD600570C5D /* TextFieldEffects */ = {
			isa = XCSwiftPackageProductDependency;
			package = D0B31FC2287FAFD600570C5D /* XCRemoteSwiftPackageReference "TextFieldEffects" */;
			productName = TextFieldEffects;
		};
		D0B31FCB287FBE4300570C5D /* IQKeyboardManagerSwift */ = {
			isa = XCSwiftPackageProductDependency;
			package = D0B31FCA287FBE4300570C5D /* XCRemoteSwiftPackageReference "IQKeyboardManager" */;
			productName = IQKeyboardManagerSwift;
		};
/* End XCSwiftPackageProductDependency section */
	};
	rootObject = D0B0AD3E287BA41300492918 /* Project object */;
}
